
Microsoft Visual Studio Solution File, Format Version 12.00
# Visual Studio Version 17
VisualStudioVersion = 17.14.36804.6 d17.14
MinimumVisualStudioVersion = 10.0.40219.1
Project("{FAE04EC0-301F-11D3-BF4B-00C04F79EFBC}") = "AvaloniaMapsUiTest", "AvaloniaMapsUiTest.csproj", "{9F9F4838-3B07-461D-8B49-76CFFE5ACFC9}"
EndProject
Global
	GlobalSection(SolutionConfigurationPlatforms) = preSolution
		Debug|Any CPU = Debug|Any CPU
		Release|Any CPU = Release|Any CPU
	EndGlobalSection
	GlobalSection(ProjectConfigurationPlatforms) = postSolution
		{9F9F4838-3B07-461D-8B49-76CFFE5ACFC9}.Debug|Any CPU.ActiveCfg = Debug|Any CPU
		{9F9F4838-3B07-461D-8B49-76CFFE5ACFC9}.Debug|Any CPU.Build.0 = Debug|Any CPU
		{9F9F4838-3B07-461D-8B49-76CFFE5ACFC9}.Release|Any CPU.ActiveCfg = Release|Any CPU
		{9F9F4838-3B07-461D-8B49-76CFFE5ACFC9}.Release|Any CPU.Build.0 = Release|Any CPU
	EndGlobalSection
	GlobalSection(SolutionProperties) = preSolution
		HideSolutionNode = FALSE
	EndGlobalSection
	GlobalSection(ExtensibilityGlobals) = postSolution
		SolutionGuid = {09B75417-B5A1-412E-A3C1-A42EEDE0EDDC}
	EndGlobalSection
EndGlobal
